// !$*UTF8*$!
{
	archiveVersion = 1;
	classes = {
	};
	objectVersion = 50;
	objects = {

/* Begin PBXBuildFile section */
		958549A826F264B7003D0F9D /* Tests_iOS.swift in Sources */ = {isa = PBXBuildFile; fileRef = 958549A726F264B7003D0F9D /* Tests_iOS.swift */; };
		958549B326F264B7003D0F9D /* Tests_macOS.swift in Sources */ = {isa = PBXBuildFile; fileRef = 958549B226F264B7003D0F9D /* Tests_macOS.swift */; };
		958549B526F264B7003D0F9D /* Project1App.swift in Sources */ = {isa = PBXBuildFile; fileRef = 9585498C26F264B4003D0F9D /* Project1App.swift */; };
		958549B626F264B7003D0F9D /* Project1App.swift in Sources */ = {isa = PBXBuildFile; fileRef = 9585498C26F264B4003D0F9D /* Project1App.swift */; };
		958549B726F264B7003D0F9D /* ContentView.swift in Sources */ = {isa = PBXBuildFile; fileRef = 9585498D26F264B4003D0F9D /* ContentView.swift */; };
		958549B826F264B7003D0F9D /* ContentView.swift in Sources */ = {isa = PBXBuildFile; fileRef = 9585498D26F264B4003D0F9D /* ContentView.swift */; };
		958549B926F264B7003D0F9D /* Assets.xcassets in Resources */ = {isa = PBXBuildFile; fileRef = 9585498E26F264B7003D0F9D /* Assets.xcassets */; };
		958549BA26F264B7003D0F9D /* Assets.xcassets in Resources */ = {isa = PBXBuildFile; fileRef = 9585498E26F264B7003D0F9D /* Assets.xcassets */; };
/* End PBXBuildFile section */

/* Begin PBXContainerItemProxy section */
		958549A426F264B7003D0F9D /* PBXContainerItemProxy */ = {
			isa = PBXContainerItemProxy;
			containerPortal = 9585498726F264B4003D0F9D /* Project object */;
			proxyType = 1;
			remoteGlobalIDString = 9585499226F264B7003D0F9D;
			remoteInfo = "Project1 (iOS)";
		};
		958549AF26F264B7003D0F9D /* PBXContainerItemProxy */ = {
			isa = PBXContainerItemProxy;
			containerPortal = 9585498726F264B4003D0F9D /* Project object */;
			proxyType = 1;
			remoteGlobalIDString = 9585499A26F264B7003D0F9D;
			remoteInfo = "Project1 (macOS)";
		};
/* End PBXContainerItemProxy section */

/* Begin PBXFileReference section */
		9585498C26F264B4003D0F9D /* Project1App.swift */ = {isa = PBXFileReference; lastKnownFileType = sourcecode.swift; path = Project1App.swift; sourceTree = "<group>"; };
		9585498D26F264B4003D0F9D /* ContentView.swift */ = {isa = PBXFileReference; lastKnownFileType = sourcecode.swift; path = ContentView.swift; sourceTree = "<group>"; };
		9585498E26F264B7003D0F9D /* Assets.xcassets */ = {isa = PBXFileReference; lastKnownFileType = folder.assetcatalog; path = Assets.xcassets; sourceTree = "<group>"; };
		9585499326F264B7003D0F9D /* Project1.app */ = {isa = PBXFileReference; explicitFileType = wrapper.application; includeInIndex = 0; path = Project1.app; sourceTree = BUILT_PRODUCTS_DIR; };
		9585499626F264B7003D0F9D /* Info.plist */ = {isa = PBXFileReference; lastKnownFileType = text.plist.xml; path = Info.plist; sourceTree = "<group>"; };
		9585499B26F264B7003D0F9D /* Project1.app */ = {isa = PBXFileReference; explicitFileType = wrapper.application; includeInIndex = 0; path = Project1.app; sourceTree = BUILT_PRODUCTS_DIR; };
		9585499D26F264B7003D0F9D /* Info.plist */ = {isa = PBXFileReference; lastKnownFileType = text.plist.xml; path = Info.plist; sourceTree = "<group>"; };
		9585499E26F264B7003D0F9D /* macOS.entitlements */ = {isa = PBXFileReference; lastKnownFileType = text.plist.entitlements; path = macOS.entitlements; sourceTree = "<group>"; };
		958549A326F264B7003D0F9D /* Tests iOS.xctest */ = {isa = PBXFileReference; explicitFileType = wrapper.cfbundle; includeInIndex = 0; path = "Tests iOS.xctest"; sourceTree = BUILT_PRODUCTS_DIR; };
		958549A726F264B7003D0F9D /* Tests_iOS.swift */ = {isa = PBXFileReference; lastKnownFileType = sourcecode.swift; path = Tests_iOS.swift; sourceTree = "<group>"; };
		958549A926F264B7003D0F9D /* Info.plist */ = {isa = PBXFileReference; lastKnownFileType = text.plist.xml; path = Info.plist; sourceTree = "<group>"; };
		958549AE26F264B7003D0F9D /* Tests macOS.xctest */ = {isa = PBXFileReference; explicitFileType = wrapper.cfbundle; includeInIndex = 0; path = "Tests macOS.xctest"; sourceTree = BUILT_PRODUCTS_DIR; };
		958549B226F264B7003D0F9D /* Tests_macOS.swift */ = {isa = PBXFileReference; lastKnownFileType = sourcecode.swift; path = Tests_macOS.swift; sourceTree = "<group>"; };
		958549B426F264B7003D0F9D /* Info.plist */ = {isa = PBXFileReference; lastKnownFileType = text.plist.xml; path = Info.plist; sourceTree = "<group>"; };
/* End PBXFileReference section */

/* Begin PBXFrameworksBuildPhase section */
		9585499026F264B7003D0F9D /* Frameworks */ = {
			isa = PBXFrameworksBuildPhase;
			buildActionMask = 2147483647;
			files = (
			);
			runOnlyForDeploymentPostprocessing = 0;
		};
		9585499826F264B7003D0F9D /* Frameworks */ = {
			isa = PBXFrameworksBuildPhase;
			buildActionMask = 2147483647;
			files = (
			);
			runOnlyForDeploymentPostprocessing = 0;
		};
		958549A026F264B7003D0F9D /* Frameworks */ = {
			isa = PBXFrameworksBuildPhase;
			buildActionMask = 2147483647;
			files = (
			);
			runOnlyForDeploymentPostprocessing = 0;
		};
		958549AB26F264B7003D0F9D /* Frameworks */ = {
			isa = PBXFrameworksBuildPhase;
			buildActionMask = 2147483647;
			files = (
			);
			runOnlyForDeploymentPostprocessing = 0;
		};
/* End PBXFrameworksBuildPhase section */

/* Begin PBXGroup section */
		9585498626F264B4003D0F9D = {
			isa = PBXGroup;
			children = (
				9585498B26F264B4003D0F9D /* Shared */,
				9585499526F264B7003D0F9D /* iOS */,
				9585499C26F264B7003D0F9D /* macOS */,
				958549A626F264B7003D0F9D /* Tests iOS */,
				958549B126F264B7003D0F9D /* Tests macOS */,
				9585499426F264B7003D0F9D /* Products */,
			);
			sourceTree = "<group>";
		};
		9585498B26F264B4003D0F9D /* Shared */ = {
			isa = PBXGroup;
			children = (
				9585498C26F264B4003D0F9D /* Project1App.swift */,
				9585498D26F264B4003D0F9D /* ContentView.swift */,
				9585498E26F264B7003D0F9D /* Assets.xcassets */,
			);
			path = Shared;
			sourceTree = "<group>";
		};
		9585499426F264B7003D0F9D /* Products */ = {
			isa = PBXGroup;
			children = (
				9585499326F264B7003D0F9D /* Project1.app */,
				9585499B26F264B7003D0F9D /* Project1.app */,
				958549A326F264B7003D0F9D /* Tests iOS.xctest */,
				958549AE26F264B7003D0F9D /* Tests macOS.xctest */,
			);
			name = Products;
			sourceTree = "<group>";
		};
		9585499526F264B7003D0F9D /* iOS */ = {
			isa = PBXGroup;
			children = (
				9585499626F264B7003D0F9D /* Info.plist */,
			);
			path = iOS;
			sourceTree = "<group>";
		};
		9585499C26F264B7003D0F9D /* macOS */ = {
			isa = PBXGroup;
			children = (
				9585499D26F264B7003D0F9D /* Info.plist */,
				9585499E26F264B7003D0F9D /* macOS.entitlements */,
			);
			path = macOS;
			sourceTree = "<group>";
		};
		958549A626F264B7003D0F9D /* Tests iOS */ = {
			isa = PBXGroup;
			children = (
				958549A726F264B7003D0F9D /* Tests_iOS.swift */,
				958549A926F264B7003D0F9D /* Info.plist */,
			);
			path = "Tests iOS";
			sourceTree = "<group>";
		};
		958549B126F264B7003D0F9D /* Tests macOS */ = {
			isa = PBXGroup;
			children = (
				958549B226F264B7003D0F9D /* Tests_macOS.swift */,
				958549B426F264B7003D0F9D /* Info.plist */,
			);
			path = "Tests macOS";
			sourceTree = "<group>";
		};
/* End PBXGroup section */

/* Begin PBXNativeTarget section */
		9585499226F264B7003D0F9D /* Project1 (iOS) */ = {
			isa = PBXNativeTarget;
			buildConfigurationList = 958549BD26F264B7003D0F9D /* Build configuration list for PBXNativeTarget "Project1 (iOS)" */;
			buildPhases = (
				9585498F26F264B7003D0F9D /* Sources */,
				9585499026F264B7003D0F9D /* Frameworks */,
				9585499126F264B7003D0F9D /* Resources */,
			);
			buildRules = (
			);
			dependencies = (
			);
			name = "Project1 (iOS)";
			productName = "Project1 (iOS)";
			productReference = 9585499326F264B7003D0F9D /* Project1.app */;
			productType = "com.apple.product-type.application";
		};
		9585499A26F264B7003D0F9D /* Project1 (macOS) */ = {
			isa = PBXNativeTarget;
			buildConfigurationList = 958549C026F264B7003D0F9D /* Build configuration list for PBXNativeTarget "Project1 (macOS)" */;
			buildPhases = (
				9585499726F264B7003D0F9D /* Sources */,
				9585499826F264B7003D0F9D /* Frameworks */,
				9585499926F264B7003D0F9D /* Resources */,
			);
			buildRules = (
			);
			dependencies = (
			);
			name = "Project1 (macOS)";
			productName = "Project1 (macOS)";
			productReference = 9585499B26F264B7003D0F9D /* Project1.app */;
			productType = "com.apple.product-type.application";
		};
		958549A226F264B7003D0F9D /* Tests iOS */ = {
			isa = PBXNativeTarget;
			buildConfigurationList = 958549C326F264B7003D0F9D /* Build configuration list for PBXNativeTarget "Tests iOS" */;
			buildPhases = (
				9585499F26F264B7003D0F9D /* Sources */,
				958549A026F264B7003D0F9D /* Frameworks */,
				958549A126F264B7003D0F9D /* Resources */,
			);
			buildRules = (
			);
			dependencies = (
				958549A526F264B7003D0F9D /* PBXTargetDependency */,
			);
			name = "Tests iOS";
			productName = "Tests iOS";
			productReference = 958549A326F264B7003D0F9D /* Tests iOS.xctest */;
			productType = "com.apple.product-type.bundle.ui-testing";
		};
		958549AD26F264B7003D0F9D /* Tests macOS */ = {
			isa = PBXNativeTarget;
			buildConfigurationList = 958549C626F264B7003D0F9D /* Build configuration list for PBXNativeTarget "Tests macOS" */;
			buildPhases = (
				958549AA26F264B7003D0F9D /* Sources */,
				958549AB26F264B7003D0F9D /* Frameworks */,
				958549AC26F264B7003D0F9D /* Resources */,
			);
			buildRules = (
			);
			dependencies = (
				958549B026F264B7003D0F9D /* PBXTargetDependency */,
			);
			name = "Tests macOS";
			productName = "Tests macOS";
			productReference = 958549AE26F264B7003D0F9D /* Tests macOS.xctest */;
			productType = "com.apple.product-type.bundle.ui-testing";
		};
/* End PBXNativeTarget section */

/* Begin PBXProject section */
		9585498726F264B4003D0F9D /* Project object */ = {
			isa = PBXProject;
			attributes = {
				LastSwiftUpdateCheck = 1250;
				LastUpgradeCheck = 1250;
				TargetAttributes = {
					9585499226F264B7003D0F9D = {
						CreatedOnToolsVersion = 12.5.1;
					};
					9585499A26F264B7003D0F9D = {
						CreatedOnToolsVersion = 12.5.1;
					};
					958549A226F264B7003D0F9D = {
						CreatedOnToolsVersion = 12.5.1;
						TestTargetID = 9585499226F264B7003D0F9D;
					};
					958549AD26F264B7003D0F9D = {
						CreatedOnToolsVersion = 12.5.1;
						TestTargetID = 9585499A26F264B7003D0F9D;
					};
				};
			};
			buildConfigurationList = 9585498A26F264B4003D0F9D /* Build configuration list for PBXProject "Project1" */;
			compatibilityVersion = "Xcode 9.3";
			developmentRegion = en;
			hasScannedForEncodings = 0;
			knownRegions = (
				en,
				Base,
			);
			mainGroup = 9585498626F264B4003D0F9D;
			productRefGroup = 9585499426F264B7003D0F9D /* Products */;
			projectDirPath = "";
			projectRoot = "";
			targets = (
				9585499226F264B7003D0F9D /* Project1 (iOS) */,
				9585499A26F264B7003D0F9D /* Project1 (macOS) */,
				958549A226F264B7003D0F9D /* Tests iOS */,
				958549AD26F264B7003D0F9D /* Tests macOS */,
			);
		};
/* End PBXProject section */

/* Begin PBXResourcesBuildPhase section */
		9585499126F264B7003D0F9D /* Resources */ = {
			isa = PBXResourcesBuildPhase;
			buildActionMask = 2147483647;
			files = (
				958549B926F264B7003D0F9D /* Assets.xcassets in Resources */,
			);
			runOnlyForDeploymentPostprocessing = 0;
		};
		9585499926F264B7003D0F9D /* Resources */ = {
			isa = PBXResourcesBuildPhase;
			buildActionMask = 2147483647;
			files = (
				958549BA26F264B7003D0F9D /* Assets.xcassets in Resources */,
			);
			runOnlyForDeploymentPostprocessing = 0;
		};
		958549A126F264B7003D0F9D /* Resources */ = {
			isa = PBXResourcesBuildPhase;
			buildActionMask = 2147483647;
			files = (
			);
			runOnlyForDeploymentPostprocessing = 0;
		};
		958549AC26F264B7003D0F9D /* Resources */ = {
			isa = PBXResourcesBuildPhase;
			buildActionMask = 2147483647;
			files = (
			);
			runOnlyForDeploymentPostprocessing = 0;
		};
/* End PBXResourcesBuildPhase section */

/* Begin PBXSourcesBuildPhase section */
		9585498F26F264B7003D0F9D /* Sources */ = {
			isa = PBXSourcesBuildPhase;
			buildActionMask = 2147483647;
			files = (
				958549B726F264B7003D0F9D /* ContentView.swift in Sources */,
				958549B526F264B7003D0F9D /* Project1App.swift in Sources */,
			);
			runOnlyForDeploymentPostprocessing = 0;
		};
		9585499726F264B7003D0F9D /* Sources */ = {
			isa = PBXSourcesBuildPhase;
			buildActionMask = 2147483647;
			files = (
				958549B826F264B7003D0F9D /* ContentView.swift in Sources */,
				958549B626F264B7003D0F9D /* Project1App.swift in Sources */,
			);
			runOnlyForDeploymentPostprocessing = 0;
		};
		9585499F26F264B7003D0F9D /* Sources */ = {
			isa = PBXSourcesBuildPhase;
			buildActionMask = 2147483647;
			files = (
				958549A826F264B7003D0F9D /* Tests_iOS.swift in Sources */,
			);
			runOnlyForDeploymentPostprocessing = 0;
		};
		958549AA26F264B7003D0F9D /* Sources */ = {
			isa = PBXSourcesBuildPhase;
			buildActionMask = 2147483647;
			files = (
				958549B326F264B7003D0F9D /* Tests_macOS.swift in Sources */,
			);
			runOnlyForDeploymentPostprocessing = 0;
		};
/* End PBXSourcesBuildPhase section */

/* Begin PBXTargetDependency section */
		958549A526F264B7003D0F9D /* PBXTargetDependency */ = {
			isa = PBXTargetDependency;
			target = 9585499226F264B7003D0F9D /* Project1 (iOS) */;
			targetProxy = 958549A426F264B7003D0F9D /* PBXContainerItemProxy */;
		};
		958549B026F264B7003D0F9D /* PBXTargetDependency */ = {
			isa = PBXTargetDependency;
			target = 9585499A26F264B7003D0F9D /* Project1 (macOS) */;
			targetProxy = 958549AF26F264B7003D0F9D /* PBXContainerItemProxy */;
		};
/* End PBXTargetDependency section */

/* Begin XCBuildConfiguration section */
		958549BB26F264B7003D0F9D /* Debug */ = {
			isa = XCBuildConfiguration;
			buildSettings = {
				ALWAYS_SEARCH_USER_PATHS = NO;
				CLANG_ANALYZER_NONNULL = YES;
				CLANG_ANALYZER_NUMBER_OBJECT_CONVERSION = YES_AGGRESSIVE;
				CLANG_CXX_LANGUAGE_STANDARD = "gnu++14";
				CLANG_CXX_LIBRARY = "libc++";
				CLANG_ENABLE_MODULES = YES;
				CLANG_ENABLE_OBJC_ARC = YES;
				CLANG_ENABLE_OBJC_WEAK = YES;
				CLANG_WARN_BLOCK_CAPTURE_AUTORELEASING = YES;
				CLANG_WARN_BOOL_CONVERSION = YES;
				CLANG_WARN_COMMA = YES;
				CLANG_WARN_CONSTANT_CONVERSION = YES;
				CLANG_WARN_DEPRECATED_OBJC_IMPLEMENTATIONS = YES;
				CLANG_WARN_DIRECT_OBJC_ISA_USAGE = YES_ERROR;
				CLANG_WARN_DOCUMENTATION_COMMENTS = YES;
				CLANG_WARN_EMPTY_BODY = YES;
				CLANG_WARN_ENUM_CONVERSION = YES;
				CLANG_WARN_INFINITE_RECURSION = YES;
				CLANG_WARN_INT_CONVERSION = YES;
				CLANG_WARN_NON_LITERAL_NULL_CONVERSION = YES;
				CLANG_WARN_OBJC_IMPLICIT_RETAIN_SELF = YES;
				CLANG_WARN_OBJC_LITERAL_CONVERSION = YES;
				CLANG_WARN_OBJC_ROOT_CLASS = YES_ERROR;
				CLANG_WARN_QUOTED_INCLUDE_IN_FRAMEWORK_HEADER = YES;
				CLANG_WARN_RANGE_LOOP_ANALYSIS = YES;
				CLANG_WARN_STRICT_PROTOTYPES = YES;
				CLANG_WARN_SUSPICIOUS_MOVE = YES;
				CLANG_WARN_UNGUARDED_AVAILABILITY = YES_AGGRESSIVE;
				CLANG_WARN_UNREACHABLE_CODE = YES;
				CLANG_WARN__DUPLICATE_METHOD_MATCH = YES;
				COPY_PHASE_STRIP = NO;
				DEBUG_INFORMATION_FORMAT = dwarf;
				ENABLE_STRICT_OBJC_MSGSEND = YES;
				ENABLE_TESTABILITY = YES;
				GCC_C_LANGUAGE_STANDARD = gnu11;
				GCC_DYNAMIC_NO_PIC = NO;
				GCC_NO_COMMON_BLOCKS = YES;
				GCC_OPTIMIZATION_LEVEL = 0;
				GCC_PREPROCESSOR_DEFINITIONS = (
					"DEBUG=1",
					"$(inherited)",
				);
				GCC_WARN_64_TO_32_BIT_CONVERSION = YES;
				GCC_WARN_ABOUT_RETURN_TYPE = YES_ERROR;
				GCC_WARN_UNDECLARED_SELECTOR = YES;
				GCC_WARN_UNINITIALIZED_AUTOS = YES_AGGRESSIVE;
				GCC_WARN_UNUSED_FUNCTION = YES;
				GCC_WARN_UNUSED_VARIABLE = YES;
				MTL_ENABLE_DEBUG_INFO = INCLUDE_SOURCE;
				MTL_FAST_MATH = YES;
				ONLY_ACTIVE_ARCH = YES;
				SWIFT_ACTIVE_COMPILATION_CONDITIONS = DEBUG;
				SWIFT_OPTIMIZATION_LEVEL = "-Onone";
			};
			name = Debug;
		};
		958549BC26F264B7003D0F9D /* Release */ = {
			isa = XCBuildConfiguration;
			buildSettings = {
				ALWAYS_SEARCH_USER_PATHS = NO;
				CLANG_ANALYZER_NONNULL = YES;
				CLANG_ANALYZER_NUMBER_OBJECT_CONVERSION = YES_AGGRESSIVE;
				CLANG_CXX_LANGUAGE_STANDARD = "gnu++14";
				CLANG_CXX_LIBRARY = "libc++";
				CLANG_ENABLE_MODULES = YES;
				CLANG_ENABLE_OBJC_ARC = YES;
				CLANG_ENABLE_OBJC_WEAK = YES;
				CLANG_WARN_BLOCK_CAPTURE_AUTORELEASING = YES;
				CLANG_WARN_BOOL_CONVERSION = YES;
				CLANG_WARN_COMMA = YES;
				CLANG_WARN_CONSTANT_CONVERSION = YES;
				CLANG_WARN_DEPRECATED_OBJC_IMPLEMENTATIONS = YES;
				CLANG_WARN_DIRECT_OBJC_ISA_USAGE = YES_ERROR;
				CLANG_WARN_DOCUMENTATION_COMMENTS = YES;
				CLANG_WARN_EMPTY_BODY = YES;
				CLANG_WARN_ENUM_CONVERSION = YES;
				CLANG_WARN_INFINITE_RECURSION = YES;
				CLANG_WARN_INT_CONVERSION = YES;
				CLANG_WARN_NON_LITERAL_NULL_CONVERSION = YES;
				CLANG_WARN_OBJC_IMPLICIT_RETAIN_SELF = YES;
				CLANG_WARN_OBJC_LITERAL_CONVERSION = YES;
				CLANG_WARN_OBJC_ROOT_CLASS = YES_ERROR;
				CLANG_WARN_QUOTED_INCLUDE_IN_FRAMEWORK_HEADER = YES;
				CLANG_WARN_RANGE_LOOP_ANALYSIS = YES;
				CLANG_WARN_STRICT_PROTOTYPES = YES;
				CLANG_WARN_SUSPICIOUS_MOVE = YES;
				CLANG_WARN_UNGUARDED_AVAILABILITY = YES_AGGRESSIVE;
				CLANG_WARN_UNREACHABLE_CODE = YES;
				CLANG_WARN__DUPLICATE_METHOD_MATCH = YES;
				COPY_PHASE_STRIP = NO;
				DEBUG_INFORMATION_FORMAT = "dwarf-with-dsym";
				ENABLE_NS_ASSERTIONS = NO;
				ENABLE_STRICT_OBJC_MSGSEND = YES;
				GCC_C_LANGUAGE_STANDARD = gnu11;
				GCC_NO_COMMON_BLOCKS = YES;
				GCC_WARN_64_TO_32_BIT_CONVERSION = YES;
				GCC_WARN_ABOUT_RETURN_TYPE = YES_ERROR;
				GCC_WARN_UNDECLARED_SELECTOR = YES;
				GCC_WARN_UNINITIALIZED_AUTOS = YES_AGGRESSIVE;
				GCC_WARN_UNUSED_FUNCTION = YES;
				GCC_WARN_UNUSED_VARIABLE = YES;
				MTL_ENABLE_DEBUG_INFO = NO;
				MTL_FAST_MATH = YES;
				SWIFT_COMPILATION_MODE = wholemodule;
				SWIFT_OPTIMIZATION_LEVEL = "-O";
			};
			name = Release;
		};
		958549BE26F264B7003D0F9D /* Debug */ = {
			isa = XCBuildConfiguration;
			buildSettings = {
				ASSETCATALOG_COMPILER_APPICON_NAME = AppIcon;
				ASSETCATALOG_COMPILER_GLOBAL_ACCENT_COLOR_NAME = AccentColor;
				CODE_SIGN_STYLE = Automatic;
				DEVELOPMENT_TEAM = CPDU3F9FR4;
				ENABLE_PREVIEWS = YES;
				INFOPLIST_FILE = iOS/Info.plist;
				IPHONEOS_DEPLOYMENT_TARGET = 14.0;
				LD_RUNPATH_SEARCH_PATHS = (
					"$(inherited)",
					"@executable_path/Frameworks",
				);
				PRODUCT_BUNDLE_IDENTIFIER = com.ko.Project1;
				PRODUCT_NAME = Project1;
				SDKROOT = iphoneos;
				SWIFT_VERSION = 5.0;
				TARGETED_DEVICE_FAMILY = "1,2";
			};
			name = Debug;
		};
		958549BF26F264B7003D0F9D /* Release */ = {
			isa = XCBuildConfiguration;
			buildSettings = {
				ASSETCATALOG_COMPILER_APPICON_NAME = AppIcon;
				ASSETCATALOG_COMPILER_GLOBAL_ACCENT_COLOR_NAME = AccentColor;
				CODE_SIGN_STYLE = Automatic;
				DEVELOPMENT_TEAM = CPDU3F9FR4;
				ENABLE_PREVIEWS = YES;
				INFOPLIST_FILE = iOS/Info.plist;
				IPHONEOS_DEPLOYMENT_TARGET = 14.0;
				LD_RUNPATH_SEARCH_PATHS = (
					"$(inherited)",
					"@executable_path/Frameworks",
				);
				PRODUCT_BUNDLE_IDENTIFIER = com.ko.Project1;
				PRODUCT_NAME = Project1;
				SDKROOT = iphoneos;
				SWIFT_VERSION = 5.0;
				TARGETED_DEVICE_FAMILY = "1,2";
				VALIDATE_PRODUCT = YES;
			};
			name = Release;
		};
		958549C126F264B7003D0F9D /* Debug */ = {
			isa = XCBuildConfiguration;
			buildSettings = {
				ASSETCATALOG_COMPILER_APPICON_NAME = AppIcon;
				ASSETCATALOG_COMPILER_GLOBAL_ACCENT_COLOR_NAME = AccentColor;
				CODE_SIGN_ENTITLEMENTS = macOS/macOS.entitlements;
				CODE_SIGN_STYLE = Automatic;
				COMBINE_HIDPI_IMAGES = YES;
				DEVELOPMENT_TEAM = CPDU3F9FR4;
				ENABLE_HARDENED_RUNTIME = YES;
				ENABLE_PREVIEWS = YES;
				INFOPLIST_FILE = macOS/Info.plist;
				LD_RUNPATH_SEARCH_PATHS = (
					"$(inherited)",
					"@executable_path/../Frameworks",
				);
				MACOSX_DEPLOYMENT_TARGET = 11.0;
				PRODUCT_BUNDLE_IDENTIFIER = com.ko.Project1;
				PRODUCT_NAME = Project1;
				SDKROOT = macosx;
				SWIFT_VERSION = 5.0;
			};
			name = Debug;
		};
		958549C226F264B7003D0F9D /* Release */ = {
			isa = XCBuildConfiguration;
			buildSettings = {
				ASSETCATALOG_COMPILER_APPICON_NAME = AppIcon;
				ASSETCATALOG_COMPILER_GLOBAL_ACCENT_COLOR_NAME = AccentColor;
				CODE_SIGN_ENTITLEMENTS = macOS/macOS.entitlements;
				CODE_SIGN_STYLE = Automatic;
				COMBINE_HIDPI_IMAGES = YES;
				DEVELOPMENT_TEAM = CPDU3F9FR4;
				ENABLE_HARDENED_RUNTIME = YES;
				ENABLE_PREVIEWS = YES;
				INFOPLIST_FILE = macOS/Info.plist;
				LD_RUNPATH_SEARCH_PATHS = (
					"$(inherited)",
					"@executable_path/../Frameworks",
				);
				MACOSX_DEPLOYMENT_TARGET = 11.0;
				PRODUCT_BUNDLE_IDENTIFIER = com.ko.Project1;
				PRODUCT_NAME = Project1;
				SDKROOT = macosx;
				SWIFT_VERSION = 5.0;
			};
			name = Release;
		};
		958549C426F264B7003D0F9D /* Debug */ = {
			isa = XCBuildConfiguration;
			buildSettings = {
				ALWAYS_EMBED_SWIFT_STANDARD_LIBRARIES = YES;
				CODE_SIGN_STYLE = Automatic;
				DEVELOPMENT_TEAM = CPDU3F9FR4;
				INFOPLIST_FILE = "Tests iOS/Info.plist";
				IPHONEOS_DEPLOYMENT_TARGET = 14.5;
				LD_RUNPATH_SEARCH_PATHS = (
					"$(inherited)",
					"@executable_path/Frameworks",
					"@loader_path/Frameworks",
				);
				PRODUCT_BUNDLE_IDENTIFIER = "com.ko.Tests-iOS";
				PRODUCT_NAME = "$(TARGET_NAME)";
				SDKROOT = iphoneos;
				SWIFT_VERSION = 5.0;
				TARGETED_DEVICE_FAMILY = "1,2";
				TEST_TARGET_NAME = "Project1 (iOS)";
			};
			name = Debug;
		};
		958549C526F264B7003D0F9D /* Release */ = {
			isa = XCBuildConfiguration;
			buildSettings = {
				ALWAYS_EMBED_SWIFT_STANDARD_LIBRARIES = YES;
				CODE_SIGN_STYLE = Automatic;
				DEVELOPMENT_TEAM = CPDU3F9FR4;
				INFOPLIST_FILE = "Tests iOS/Info.plist";
				IPHONEOS_DEPLOYMENT_TARGET = 14.5;
				LD_RUNPATH_SEARCH_PATHS = (
					"$(inherited)",
					"@executable_path/Frameworks",
					"@loader_path/Frameworks",
				);
				PRODUCT_BUNDLE_IDENTIFIER = "com.ko.Tests-iOS";
				PRODUCT_NAME = "$(TARGET_NAME)";
				SDKROOT = iphoneos;
				SWIFT_VERSION = 5.0;
				TARGETED_DEVICE_FAMILY = "1,2";
				TEST_TARGET_NAME = "Project1 (iOS)";
				VALIDATE_PRODUCT = YES;
			};
			name = Release;
		};
		958549C726F264B7003D0F9D /* Debug */ = {
			isa = XCBuildConfiguration;
			buildSettings = {
				ALWAYS_EMBED_SWIFT_STANDARD_LIBRARIES = YES;
				CODE_SIGN_STYLE = Automatic;
				COMBINE_HIDPI_IMAGES = YES;
				DEVELOPMENT_TEAM = CPDU3F9FR4;
				INFOPLIST_FILE = "Tests macOS/Info.plist";
				LD_RUNPATH_SEARCH_PATHS = (
					"$(inherited)",
					"@executable_path/../Frameworks",
					"@loader_path/../Frameworks",
				);
				MACOSX_DEPLOYMENT_TARGET = 11.3;
				PRODUCT_BUNDLE_IDENTIFIER = "com.ko.Tests-macOS";
				PRODUCT_NAME = "$(TARGET_NAME)";
				SDKROOT = macosx;
				SWIFT_VERSION = 5.0;
				TEST_TARGET_NAME = "Project1 (macOS)";
			};
			name = Debug;
		};
		958549C826F264B7003D0F9D /* Release */ = {
			isa = XCBuildConfiguration;
			buildSettings = {
				ALWAYS_EMBED_SWIFT_STANDARD_LIBRARIES = YES;
				CODE_SIGN_STYLE = Automatic;
				COMBINE_HIDPI_IMAGES = YES;
				DEVELOPMENT_TEAM = CPDU3F9FR4;
				INFOPLIST_FILE = "Tests macOS/Info.plist";
				LD_RUNPATH_SEARCH_PATHS = (
					"$(inherited)",
					"@executable_path/../Frameworks",
					"@loader_path/../Frameworks",
				);
				MACOSX_DEPLOYMENT_TARGET = 11.3;
				PRODUCT_BUNDLE_IDENTIFIER = "com.ko.Tests-macOS";
				PRODUCT_NAME = "$(TARGET_NAME)";
				SDKROOT = macosx;
				SWIFT_VERSION = 5.0;
				TEST_TARGET_NAME = "Project1 (macOS)";
			};
			name = Release;
		};
/* End XCBuildConfiguration section */

/* Begin XCConfigurationList section */
		9585498A26F264B4003D0F9D /* Build configuration list for PBXProject "Project1" */ = {
			isa = XCConfigurationList;
			buildConfigurations = (
				958549BB26F264B7003D0F9D /* Debug */,
				958549BC26F264B7003D0F9D /* Release */,
			);
			defaultConfigurationIsVisible = 0;
			defaultConfigurationName = Release;
		};
		958549BD26F264B7003D0F9D /* Build configuration list for PBXNativeTarget "Project1 (iOS)" */ = {
			isa = XCConfigurationList;
			buildConfigurations = (
				958549BE26F264B7003D0F9D /* Debug */,
				958549BF26F264B7003D0F9D /* Release */,
			);
			defaultConfigurationIsVisible = 0;
			defaultConfigurationName = Release;
		};
		958549C026F264B7003D0F9D /* Build configuration list for PBXNativeTarget "Project1 (macOS)" */ = {
			isa = XCConfigurationList;
			buildConfigurations = (
				958549C126F264B7003D0F9D /* Debug */,
				958549C226F264B7003D0F9D /* Release */,
			);
			defaultConfigurationIsVisible = 0;
			defaultConfigurationName = Release;
		};
		958549C326F264B7003D0F9D /* Build configuration list for PBXNativeTarget "Tests iOS" */ = {
			isa = XCConfigurationList;
			buildConfigurations = (
				958549C426F264B7003D0F9D /* Debug */,
				958549C526F264B7003D0F9D /* Release */,
			);
			defaultConfigurationIsVisible = 0;
			defaultConfigurationName = Release;
		};
		958549C626F264B7003D0F9D /* Build configuration list for PBXNativeTarget "Tests macOS" */ = {
			isa = XCConfigurationList;
			buildConfigurations = (
				958549C726F264B7003D0F9D /* Debug */,
				958549C826F264B7003D0F9D /* Release */,
			);
			defaultConfigurationIsVisible = 0;
			defaultConfigurationName = Release;
		};
/* End XCConfigurationList section */
	};
	rootObject = 9585498726F264B4003D0F9D /* Project object */;
}
